
Microsoft Visual Studio Solution File, Format Version 12.00
# Visual Studio Version 16
VisualStudioVersion = 16.0.30406.217
MinimumVisualStudioVersion = 10.0.40219.1
Project("{9A19103F-16F7-4668-BE54-9A1E7A4F7556}") = "ProjectsNetwork", "ProjectsNetwork\ProjectsNetwork.csproj", "{FA998269-08FD-4AA4-BD2E-9EEAFFD55BD7}"
	ProjectSection(ProjectDependencies) = postProject
		{D8CA613A-92C9-4D02-989D-EDC899D5CE68} = {D8CA613A-92C9-4D02-989D-EDC899D5CE68}
	EndProjectSection
EndProject
Project("{9A19103F-16F7-4668-BE54-9A1E7A4F7556}") = "ProjectsNetwork.DataAccess", "ProjectsNetwork.DataAccess\ProjectsNetwork.DataAccess.csproj", "{161FA84D-F3FD-4E90-A595-6AF85E9160FB}"
EndProject
Project("{9A19103F-16F7-4668-BE54-9A1E7A4F7556}") = "ProjectsNetwork.Models", "ProjectsNetwork.Models\ProjectsNetwork.Models.csproj", "{C13CECA0-75CC-42D0-BA39-F87FA097E3C3}"
EndProject
Project("{9A19103F-16F7-4668-BE54-9A1E7A4F7556}") = "ProjectsNetwork.Services", "ProjectNetwork.Services\ProjectsNetwork.Services.csproj", "{D8CA613A-92C9-4D02-989D-EDC899D5CE68}"
	ProjectSection(ProjectDependencies) = postProject
		{161FA84D-F3FD-4E90-A595-6AF85E9160FB} = {161FA84D-F3FD-4E90-A595-6AF85E9160FB}
		{C13CECA0-75CC-42D0-BA39-F87FA097E3C3} = {C13CECA0-75CC-42D0-BA39-F87FA097E3C3}
	EndProjectSection
EndProject
Project("{9A19103F-16F7-4668-BE54-9A1E7A4F7556}") = "ProjectsNetwork.Utils", "ProjectsNetwork.Utils\ProjectsNetwork.Utils.csproj", "{BABD6B21-4DB1-4379-A771-4550238BA044}"
EndProject
Project("{FAE04EC0-301F-11D3-BF4B-00C04F79EFBC}") = "TestProjectRepository", "TestProjectRepository\TestProjectRepository.csproj", "{F21952FF-C2CA-43EA-AD53-65640415D66C}"
EndProject
Project("{FAE04EC0-301F-11D3-BF4B-00C04F79EFBC}") = "TestSkillRepository", "TestSkillRepository\TestSkillRepository.csproj", "{D1D43945-47D1-414F-A01B-9CE91A1011C4}"
EndProject
Project("{FAE04EC0-301F-11D3-BF4B-00C04F79EFBC}") = "TestInterestedInProjectRepository", "TestInterestedInProjectRepository\TestInterestedInProjectRepository.csproj", "{90A7E2BF-FBDF-4B2F-ABE2-8B259D889CEF}"
EndProject
Project("{FAE04EC0-301F-11D3-BF4B-00C04F79EFBC}") = "TestApplicationUserRepository", "TestApplicationUserRepository\TestApplicationUserRepository.csproj", "{8D953BEE-FCF9-47E2-B920-76816C135131}"
EndProject
Global
	GlobalSection(SolutionConfigurationPlatforms) = preSolution
		Debug|Any CPU = Debug|Any CPU
		Release|Any CPU = Release|Any CPU
	EndGlobalSection
	GlobalSection(ProjectConfigurationPlatforms) = postSolution
		{FA998269-08FD-4AA4-BD2E-9EEAFFD55BD7}.Debug|Any CPU.ActiveCfg = Debug|Any CPU
		{FA998269-08FD-4AA4-BD2E-9EEAFFD55BD7}.Debug|Any CPU.Build.0 = Debug|Any CPU
		{FA998269-08FD-4AA4-BD2E-9EEAFFD55BD7}.Release|Any CPU.ActiveCfg = Release|Any CPU
		{FA998269-08FD-4AA4-BD2E-9EEAFFD55BD7}.Release|Any CPU.Build.0 = Release|Any CPU
		{161FA84D-F3FD-4E90-A595-6AF85E9160FB}.Debug|Any CPU.ActiveCfg = Debug|Any CPU
		{161FA84D-F3FD-4E90-A595-6AF85E9160FB}.Debug|Any CPU.Build.0 = Debug|Any CPU
		{161FA84D-F3FD-4E90-A595-6AF85E9160FB}.Release|Any CPU.ActiveCfg = Release|Any CPU
		{161FA84D-F3FD-4E90-A595-6AF85E9160FB}.Release|Any CPU.Build.0 = Release|Any CPU
		{C13CECA0-75CC-42D0-BA39-F87FA097E3C3}.Debug|Any CPU.ActiveCfg = Debug|Any CPU
		{C13CECA0-75CC-42D0-BA39-F87FA097E3C3}.Debug|Any CPU.Build.0 = Debug|Any CPU
		{C13CECA0-75CC-42D0-BA39-F87FA097E3C3}.Release|Any CPU.ActiveCfg = Release|Any CPU
		{C13CECA0-75CC-42D0-BA39-F87FA097E3C3}.Release|Any CPU.Build.0 = Release|Any CPU
		{D8CA613A-92C9-4D02-989D-EDC899D5CE68}.Debug|Any CPU.ActiveCfg = Debug|Any CPU
		{D8CA613A-92C9-4D02-989D-EDC899D5CE68}.Debug|Any CPU.Build.0 = Debug|Any CPU
		{D8CA613A-92C9-4D02-989D-EDC899D5CE68}.Release|Any CPU.ActiveCfg = Release|Any CPU
		{D8CA613A-92C9-4D02-989D-EDC899D5CE68}.Release|Any CPU.Build.0 = Release|Any CPU
		{BABD6B21-4DB1-4379-A771-4550238BA044}.Debug|Any CPU.ActiveCfg = Debug|Any CPU
		{BABD6B21-4DB1-4379-A771-4550238BA044}.Debug|Any CPU.Build.0 = Debug|Any CPU
		{BABD6B21-4DB1-4379-A771-4550238BA044}.Release|Any CPU.ActiveCfg = Release|Any CPU
		{BABD6B21-4DB1-4379-A771-4550238BA044}.Release|Any CPU.Build.0 = Release|Any CPU
		{F21952FF-C2CA-43EA-AD53-65640415D66C}.Debug|Any CPU.ActiveCfg = Debug|Any CPU
		{F21952FF-C2CA-43EA-AD53-65640415D66C}.Debug|Any CPU.Build.0 = Debug|Any CPU
		{F21952FF-C2CA-43EA-AD53-65640415D66C}.Release|Any CPU.ActiveCfg = Release|Any CPU
		{F21952FF-C2CA-43EA-AD53-65640415D66C}.Release|Any CPU.Build.0 = Release|Any CPU
		{D1D43945-47D1-414F-A01B-9CE91A1011C4}.Debug|Any CPU.ActiveCfg = Debug|Any CPU
		{D1D43945-47D1-414F-A01B-9CE91A1011C4}.Debug|Any CPU.Build.0 = Debug|Any CPU
		{D1D43945-47D1-414F-A01B-9CE91A1011C4}.Release|Any CPU.ActiveCfg = Release|Any CPU
		{D1D43945-47D1-414F-A01B-9CE91A1011C4}.Release|Any CPU.Build.0 = Release|Any CPU
		{90A7E2BF-FBDF-4B2F-ABE2-8B259D889CEF}.Debug|Any CPU.ActiveCfg = Debug|Any CPU
		{90A7E2BF-FBDF-4B2F-ABE2-8B259D889CEF}.Debug|Any CPU.Build.0 = Debug|Any CPU
		{90A7E2BF-FBDF-4B2F-ABE2-8B259D889CEF}.Release|Any CPU.ActiveCfg = Release|Any CPU
		{90A7E2BF-FBDF-4B2F-ABE2-8B259D889CEF}.Release|Any CPU.Build.0 = Release|Any CPU
		{8D953BEE-FCF9-47E2-B920-76816C135131}.Debug|Any CPU.ActiveCfg = Debug|Any CPU
		{8D953BEE-FCF9-47E2-B920-76816C135131}.Debug|Any CPU.Build.0 = Debug|Any CPU
		{8D953BEE-FCF9-47E2-B920-76816C135131}.Release|Any CPU.ActiveCfg = Release|Any CPU
		{8D953BEE-FCF9-47E2-B920-76816C135131}.Release|Any CPU.Build.0 = Release|Any CPU
	EndGlobalSection
	GlobalSection(SolutionProperties) = preSolution
		HideSolutionNode = FALSE
	EndGlobalSection
	GlobalSection(ExtensibilityGlobals) = postSolution
		SolutionGuid = {8E61A7FD-CA6B-4649-9A49-95B9FB3CD61C}
	EndGlobalSection
EndGlobal
